{
  "name": "mcsocket",
  "version": "1.0.0",
  "lockfileVersion": 1,
  "requires": true,
  "dependencies": {
    "@types/node": {
      "version": "13.1.8",
      "resolved": "https://registry.npmjs.org/@types/node/-/node-13.1.8.tgz",
      "integrity": "sha512-6XzyyNM9EKQW4HKuzbo/CkOIjn/evtCmsU+MUM1xDfJ+3/rNjBttM1NgN7AOQvN6tP1Sl1D1PIKMreTArnxM9A==",
      "dev": true
    },
    "rcon-client": {
      "version": "4.2.0",
      "resolved": "https://registry.npmjs.org/rcon-client/-/rcon-client-4.2.0.tgz",
      "integrity": "sha512-PXoGQiO6ztssnveLkY/AqMnokuzv+Ml8Zij65fYQ98N873KP2eiV+DbN3rijC7vfMgyy2DSKZ2gjoGD9iCPjVg==",
      "requires": {
        "typed-emitter": "^0.1.0"
      }
    },
    "typed-emitter": {
      "version": "0.1.0",
      "resolved": "https://registry.npmjs.org/typed-emitter/-/typed-emitter-0.1.0.tgz",
      "integrity": "sha512-Tfay0l6gJMP5rkil8CzGbLthukn+9BN/VXWcABVFPjOoelJ+koW8BuPZYk+h/L+lEeIp1fSzVRiWRPIjKVjPdg=="
    },
    "typescript": {
      "version": "3.7.5",
      "resolved": "https://registry.npmjs.org/typescript/-/typescript-3.7.5.tgz",
      "integrity": "sha512-/P5lkRXkWHNAbcJIiHPfRoKqyd7bsyCma1hZNUGfn20qm64T6ZBlrzprymeu918H+mB/0rIg2gGK/BXkhhYgBw==",
      "dev": true
    },
    "ws": {
      "version": "7.2.1",
      "resolved": "https://registry.npmjs.org/ws/-/ws-7.2.1.tgz",
      "integrity": "sha512-sucePNSafamSKoOqoNfBd8V0StlkzJKL2ZAhGQinCfNQ+oacw+Pk7lcdAElecBF2VkLNZRiIb5Oi1Q5lVUVt2A=="
    }
  }
}
